
Microsoft Visual Studio Solution File, Format Version 10.00
# Visual C++ Express 2008
Project("{8BC9CEB8-8B4A-11D0-8D11-00A0C91BC942}") = "rSDK", "rSDK.vcproj", "{AAF834BB-E8B2-49B8-8086-0FCD7E7DE7A6}"
EndProject
Global
	GlobalSection(SolutionConfigurationPlatforms) = preSolution
		Debug Edittime HWA|Win32 = Debug Edittime HWA|Win32
		Debug Edittime|Win32 = Debug Edittime|Win32
		Debug HWA|Win32 = Debug HWA|Win32
		Debug|Win32 = Debug|Win32
		Release HWA|Win32 = Release HWA|Win32
		Release Unicode|Win32 = Release Unicode|Win32
		Release_Small|Win32 = Release_Small|Win32
		Release|Win32 = Release|Win32
		Run_Only HWA|Win32 = Run_Only HWA|Win32
		Run_Only Unicode|Win32 = Run_Only Unicode|Win32
		Run_Only_Small|Win32 = Run_Only_Small|Win32
		Run_Only|Win32 = Run_Only|Win32
		Vitalize_Small|Win32 = Vitalize_Small|Win32
		Vitalize|Win32 = Vitalize|Win32
	EndGlobalSection
	GlobalSection(ProjectConfigurationPlatforms) = postSolution
		{AAF834BB-E8B2-49B8-8086-0FCD7E7DE7A6}.Debug Edittime HWA|Win32.ActiveCfg = Debug Edittime HWA|Win32
		{AAF834BB-E8B2-49B8-8086-0FCD7E7DE7A6}.Debug Edittime HWA|Win32.Build.0 = Debug Edittime HWA|Win32
		{AAF834BB-E8B2-49B8-8086-0FCD7E7DE7A6}.Debug Edittime|Win32.ActiveCfg = Debug Edittime|Win32
		{AAF834BB-E8B2-49B8-8086-0FCD7E7DE7A6}.Debug Edittime|Win32.Build.0 = Debug Edittime|Win32
		{AAF834BB-E8B2-49B8-8086-0FCD7E7DE7A6}.Debug HWA|Win32.ActiveCfg = Debug HWA|Win32
		{AAF834BB-E8B2-49B8-8086-0FCD7E7DE7A6}.Debug HWA|Win32.Build.0 = Debug HWA|Win32
		{AAF834BB-E8B2-49B8-8086-0FCD7E7DE7A6}.Debug|Win32.ActiveCfg = Debug|Win32
		{AAF834BB-E8B2-49B8-8086-0FCD7E7DE7A6}.Debug|Win32.Build.0 = Debug|Win32
		{AAF834BB-E8B2-49B8-8086-0FCD7E7DE7A6}.Release HWA|Win32.ActiveCfg = Release HWA|Win32
		{AAF834BB-E8B2-49B8-8086-0FCD7E7DE7A6}.Release HWA|Win32.Build.0 = Release HWA|Win32
		{AAF834BB-E8B2-49B8-8086-0FCD7E7DE7A6}.Release Unicode|Win32.ActiveCfg = Release Unicode|Win32
		{AAF834BB-E8B2-49B8-8086-0FCD7E7DE7A6}.Release Unicode|Win32.Build.0 = Release Unicode|Win32
		{AAF834BB-E8B2-49B8-8086-0FCD7E7DE7A6}.Release_Small|Win32.ActiveCfg = Release_Small|Win32
		{AAF834BB-E8B2-49B8-8086-0FCD7E7DE7A6}.Release_Small|Win32.Build.0 = Release_Small|Win32
		{AAF834BB-E8B2-49B8-8086-0FCD7E7DE7A6}.Release|Win32.ActiveCfg = Release|Win32
		{AAF834BB-E8B2-49B8-8086-0FCD7E7DE7A6}.Release|Win32.Build.0 = Release|Win32
		{AAF834BB-E8B2-49B8-8086-0FCD7E7DE7A6}.Run_Only HWA|Win32.ActiveCfg = Run_Only HWA|Win32
		{AAF834BB-E8B2-49B8-8086-0FCD7E7DE7A6}.Run_Only HWA|Win32.Build.0 = Run_Only HWA|Win32
		{AAF834BB-E8B2-49B8-8086-0FCD7E7DE7A6}.Run_Only Unicode|Win32.ActiveCfg = Run_Only Unicode|Win32
		{AAF834BB-E8B2-49B8-8086-0FCD7E7DE7A6}.Run_Only Unicode|Win32.Build.0 = Run_Only Unicode|Win32
		{AAF834BB-E8B2-49B8-8086-0FCD7E7DE7A6}.Run_Only_Small|Win32.ActiveCfg = Run_Only_Small|Win32
		{AAF834BB-E8B2-49B8-8086-0FCD7E7DE7A6}.Run_Only_Small|Win32.Build.0 = Run_Only_Small|Win32
		{AAF834BB-E8B2-49B8-8086-0FCD7E7DE7A6}.Run_Only|Win32.ActiveCfg = Run_Only|Win32
		{AAF834BB-E8B2-49B8-8086-0FCD7E7DE7A6}.Run_Only|Win32.Build.0 = Run_Only|Win32
		{AAF834BB-E8B2-49B8-8086-0FCD7E7DE7A6}.Vitalize_Small|Win32.ActiveCfg = Vitalize_Small|Win32
		{AAF834BB-E8B2-49B8-8086-0FCD7E7DE7A6}.Vitalize_Small|Win32.Build.0 = Vitalize_Small|Win32
		{AAF834BB-E8B2-49B8-8086-0FCD7E7DE7A6}.Vitalize|Win32.ActiveCfg = Vitalize|Win32
		{AAF834BB-E8B2-49B8-8086-0FCD7E7DE7A6}.Vitalize|Win32.Build.0 = Vitalize|Win32
	EndGlobalSection
	GlobalSection(SolutionProperties) = preSolution
		HideSolutionNode = FALSE
	EndGlobalSection
EndGlobal
